// !$*UTF8*$!
{
	archiveVersion = 1;
	classes = {
	};
	objectVersion = 50;
	objects = {

/* Begin PBXBuildFile section */
		88BBC27721A8469200AEAC5C /* AppDelegate.swift in Sources */ = {isa = PBXBuildFile; fileRef = 88BBC27621A8469200AEAC5C /* AppDelegate.swift */; };
		88BBC27921A8469200AEAC5C /* ViewController.swift in Sources */ = {isa = PBXBuildFile; fileRef = 88BBC27821A8469200AEAC5C /* ViewController.swift */; };
		88BBC27C21A8469200AEAC5C /* Main.storyboard in Resources */ = {isa = PBXBuildFile; fileRef = 88BBC27A21A8469200AEAC5C /* Main.storyboard */; };
		88BBC27E21A8469200AEAC5C /* Assets.xcassets in Resources */ = {isa = PBXBuildFile; fileRef = 88BBC27D21A8469200AEAC5C /* Assets.xcassets */; };
		88BBC28121A8469200AEAC5C /* LaunchScreen.storyboard in Resources */ = {isa = PBXBuildFile; fileRef = 88BBC27F21A8469200AEAC5C /* LaunchScreen.storyboard */; };
		88BBC28C21A8469200AEAC5C /* NiyazFlightGameTests.swift in Sources */ = {isa = PBXBuildFile; fileRef = 88BBC28B21A8469200AEAC5C /* NiyazFlightGameTests.swift */; };
		88BBC29721A8469300AEAC5C /* NiyazFlightGameUITests.swift in Sources */ = {isa = PBXBuildFile; fileRef = 88BBC29621A8469300AEAC5C /* NiyazFlightGameUITests.swift */; };
		88BBC2A621A8471C00AEAC5C /* road1.png in Resources */ = {isa = PBXBuildFile; fileRef = 88BBC2A421A8471C00AEAC5C /* road1.png */; };
		88BBC2A721A8471C00AEAC5C /* road2.png in Resources */ = {isa = PBXBuildFile; fileRef = 88BBC2A521A8471C00AEAC5C /* road2.png */; };
		88BBC2B921A8475E00AEAC5C /* road5.png in Resources */ = {isa = PBXBuildFile; fileRef = 88BBC2A821A8475C00AEAC5C /* road5.png */; };
		88BBC2BA21A8475E00AEAC5C /* road3.png in Resources */ = {isa = PBXBuildFile; fileRef = 88BBC2A921A8475C00AEAC5C /* road3.png */; };
		88BBC2BB21A8475E00AEAC5C /* road17.png in Resources */ = {isa = PBXBuildFile; fileRef = 88BBC2AA21A8475C00AEAC5C /* road17.png */; };
		88BBC2BC21A8475E00AEAC5C /* road19.png in Resources */ = {isa = PBXBuildFile; fileRef = 88BBC2AB21A8475D00AEAC5C /* road19.png */; };
		88BBC2BD21A8475E00AEAC5C /* road7.png in Resources */ = {isa = PBXBuildFile; fileRef = 88BBC2AC21A8475D00AEAC5C /* road7.png */; };
		88BBC2BE21A8475E00AEAC5C /* road12.png in Resources */ = {isa = PBXBuildFile; fileRef = 88BBC2AD21A8475D00AEAC5C /* road12.png */; };
		88BBC2BF21A8475E00AEAC5C /* road18.png in Resources */ = {isa = PBXBuildFile; fileRef = 88BBC2AE21A8475D00AEAC5C /* road18.png */; };
		88BBC2C021A8475E00AEAC5C /* road9.png in Resources */ = {isa = PBXBuildFile; fileRef = 88BBC2AF21A8475D00AEAC5C /* road9.png */; };
		88BBC2C121A8475E00AEAC5C /* road13.png in Resources */ = {isa = PBXBuildFile; fileRef = 88BBC2B021A8475D00AEAC5C /* road13.png */; };
		88BBC2C221A8475E00AEAC5C /* road6.png in Resources */ = {isa = PBXBuildFile; fileRef = 88BBC2B121A8475D00AEAC5C /* road6.png */; };
		88BBC2C321A8475E00AEAC5C /* road10.png in Resources */ = {isa = PBXBuildFile; fileRef = 88BBC2B221A8475D00AEAC5C /* road10.png */; };
		88BBC2C421A8475E00AEAC5C /* road15.png in Resources */ = {isa = PBXBuildFile; fileRef = 88BBC2B321A8475D00AEAC5C /* road15.png */; };
		88BBC2C521A8475E00AEAC5C /* road11.png in Resources */ = {isa = PBXBuildFile; fileRef = 88BBC2B421A8475D00AEAC5C /* road11.png */; };
		88BBC2C621A8475E00AEAC5C /* road4.png in Resources */ = {isa = PBXBuildFile; fileRef = 88BBC2B521A8475E00AEAC5C /* road4.png */; };
		88BBC2C721A8475E00AEAC5C /* road8.png in Resources */ = {isa = PBXBuildFile; fileRef = 88BBC2B621A8475E00AEAC5C /* road8.png */; };
		88BBC2C821A8475E00AEAC5C /* road14.png in Resources */ = {isa = PBXBuildFile; fileRef = 88BBC2B721A8475E00AEAC5C /* road14.png */; };
		88BBC2C921A8475E00AEAC5C /* road16.png in Resources */ = {isa = PBXBuildFile; fileRef = 88BBC2B821A8475E00AEAC5C /* road16.png */; };
		88BBC2D921A84BB700AEAC5C /* plane5.png in Resources */ = {isa = PBXBuildFile; fileRef = 88BBC2CA21A84BB500AEAC5C /* plane5.png */; };
		88BBC2DA21A84BB700AEAC5C /* plane3.png in Resources */ = {isa = PBXBuildFile; fileRef = 88BBC2CB21A84BB500AEAC5C /* plane3.png */; };
		88BBC2DB21A84BB700AEAC5C /* plane9.png in Resources */ = {isa = PBXBuildFile; fileRef = 88BBC2CC21A84BB500AEAC5C /* plane9.png */; };
		88BBC2DC21A84BB700AEAC5C /* plane6.png in Resources */ = {isa = PBXBuildFile; fileRef = 88BBC2CD21A84BB500AEAC5C /* plane6.png */; };
		88BBC2DD21A84BB700AEAC5C /* plane15.png in Resources */ = {isa = PBXBuildFile; fileRef = 88BBC2CE21A84BB500AEAC5C /* plane15.png */; };
		88BBC2DE21A84BB700AEAC5C /* plane4.png in Resources */ = {isa = PBXBuildFile; fileRef = 88BBC2CF21A84BB600AEAC5C /* plane4.png */; };
		88BBC2DF21A84BB700AEAC5C /* plane1.png in Resources */ = {isa = PBXBuildFile; fileRef = 88BBC2D021A84BB600AEAC5C /* plane1.png */; };
		88BBC2E021A84BB700AEAC5C /* plane14.png in Resources */ = {isa = PBXBuildFile; fileRef = 88BBC2D121A84BB600AEAC5C /* plane14.png */; };
		88BBC2E121A84BB700AEAC5C /* plane8.png in Resources */ = {isa = PBXBuildFile; fileRef = 88BBC2D221A84BB600AEAC5C /* plane8.png */; };
		88BBC2E221A84BB700AEAC5C /* plane2.png in Resources */ = {isa = PBXBuildFile; fileRef = 88BBC2D321A84BB600AEAC5C /* plane2.png */; };
		88BBC2E321A84BB700AEAC5C /* plane11.png in Resources */ = {isa = PBXBuildFile; fileRef = 88BBC2D421A84BB600AEAC5C /* plane11.png */; };
		88BBC2E421A84BB700AEAC5C /* plane7.png in Resources */ = {isa = PBXBuildFile; fileRef = 88BBC2D521A84BB700AEAC5C /* plane7.png */; };
		88BBC2E521A84BB700AEAC5C /* plane13.png in Resources */ = {isa = PBXBuildFile; fileRef = 88BBC2D621A84BB700AEAC5C /* plane13.png */; };
		88BBC2E621A84BB700AEAC5C /* plane10.png in Resources */ = {isa = PBXBuildFile; fileRef = 88BBC2D721A84BB700AEAC5C /* plane10.png */; };
		88BBC2E721A84BB700AEAC5C /* plane12.png in Resources */ = {isa = PBXBuildFile; fileRef = 88BBC2D821A84BB700AEAC5C /* plane12.png */; };
		88BBC2EB21A856EF00AEAC5C /* DragPlane.swift in Sources */ = {isa = PBXBuildFile; fileRef = 88BBC2EA21A856EF00AEAC5C /* DragPlane.swift */; };
/* End PBXBuildFile section */

/* Begin PBXContainerItemProxy section */
		88BBC28821A8469200AEAC5C /* PBXContainerItemProxy */ = {
			isa = PBXContainerItemProxy;
			containerPortal = 88BBC26B21A8469200AEAC5C /* Project object */;
			proxyType = 1;
			remoteGlobalIDString = 88BBC27221A8469200AEAC5C;
			remoteInfo = NiyazFlightGame;
		};
		88BBC29321A8469300AEAC5C /* PBXContainerItemProxy */ = {
			isa = PBXContainerItemProxy;
			containerPortal = 88BBC26B21A8469200AEAC5C /* Project object */;
			proxyType = 1;
			remoteGlobalIDString = 88BBC27221A8469200AEAC5C;
			remoteInfo = NiyazFlightGame;
		};
/* End PBXContainerItemProxy section */

/* Begin PBXFileReference section */
		88BBC27321A8469200AEAC5C /* NiyazFlightGame.app */ = {isa = PBXFileReference; explicitFileType = wrapper.application; includeInIndex = 0; path = NiyazFlightGame.app; sourceTree = BUILT_PRODUCTS_DIR; };
		88BBC27621A8469200AEAC5C /* AppDelegate.swift */ = {isa = PBXFileReference; lastKnownFileType = sourcecode.swift; path = AppDelegate.swift; sourceTree = "<group>"; };
		88BBC27821A8469200AEAC5C /* ViewController.swift */ = {isa = PBXFileReference; lastKnownFileType = sourcecode.swift; path = ViewController.swift; sourceTree = "<group>"; };
		88BBC27B21A8469200AEAC5C /* Base */ = {isa = PBXFileReference; lastKnownFileType = file.storyboard; name = Base; path = Base.lproj/Main.storyboard; sourceTree = "<group>"; };
		88BBC27D21A8469200AEAC5C /* Assets.xcassets */ = {isa = PBXFileReference; lastKnownFileType = folder.assetcatalog; path = Assets.xcassets; sourceTree = "<group>"; };
		88BBC28021A8469200AEAC5C /* Base */ = {isa = PBXFileReference; lastKnownFileType = file.storyboard; name = Base; path = Base.lproj/LaunchScreen.storyboard; sourceTree = "<group>"; };
		88BBC28221A8469200AEAC5C /* Info.plist */ = {isa = PBXFileReference; lastKnownFileType = text.plist.xml; path = Info.plist; sourceTree = "<group>"; };
		88BBC28721A8469200AEAC5C /* NiyazFlightGameTests.xctest */ = {isa = PBXFileReference; explicitFileType = wrapper.cfbundle; includeInIndex = 0; path = NiyazFlightGameTests.xctest; sourceTree = BUILT_PRODUCTS_DIR; };
		88BBC28B21A8469200AEAC5C /* NiyazFlightGameTests.swift */ = {isa = PBXFileReference; lastKnownFileType = sourcecode.swift; path = NiyazFlightGameTests.swift; sourceTree = "<group>"; };
		88BBC28D21A8469200AEAC5C /* Info.plist */ = {isa = PBXFileReference; lastKnownFileType = text.plist.xml; path = Info.plist; sourceTree = "<group>"; };
		88BBC29221A8469200AEAC5C /* NiyazFlightGameUITests.xctest */ = {isa = PBXFileReference; explicitFileType = wrapper.cfbundle; includeInIndex = 0; path = NiyazFlightGameUITests.xctest; sourceTree = BUILT_PRODUCTS_DIR; };
		88BBC29621A8469300AEAC5C /* NiyazFlightGameUITests.swift */ = {isa = PBXFileReference; lastKnownFileType = sourcecode.swift; path = NiyazFlightGameUITests.swift; sourceTree = "<group>"; };
		88BBC29821A8469300AEAC5C /* Info.plist */ = {isa = PBXFileReference; lastKnownFileType = text.plist.xml; path = Info.plist; sourceTree = "<group>"; };
		88BBC2A421A8471C00AEAC5C /* road1.png */ = {isa = PBXFileReference; lastKnownFileType = image.png; name = road1.png; path = NiyazFlightGame/road1.png; sourceTree = "<group>"; };
		88BBC2A521A8471C00AEAC5C /* road2.png */ = {isa = PBXFileReference; lastKnownFileType = image.png; name = road2.png; path = NiyazFlightGame/road2.png; sourceTree = "<group>"; };
		88BBC2A821A8475C00AEAC5C /* road5.png */ = {isa = PBXFileReference; lastKnownFileType = image.png; path = road5.png; sourceTree = "<group>"; };
		88BBC2A921A8475C00AEAC5C /* road3.png */ = {isa = PBXFileReference; lastKnownFileType = image.png; path = road3.png; sourceTree = "<group>"; };
		88BBC2AA21A8475C00AEAC5C /* road17.png */ = {isa = PBXFileReference; lastKnownFileType = image.png; path = road17.png; sourceTree = "<group>"; };
		88BBC2AB21A8475D00AEAC5C /* road19.png */ = {isa = PBXFileReference; lastKnownFileType = image.png; path = road19.png; sourceTree = "<group>"; };
		88BBC2AC21A8475D00AEAC5C /* road7.png */ = {isa = PBXFileReference; lastKnownFileType = image.png; path = road7.png; sourceTree = "<group>"; };
		88BBC2AD21A8475D00AEAC5C /* road12.png */ = {isa = PBXFileReference; lastKnownFileType = image.png; path = road12.png; sourceTree = "<group>"; };
		88BBC2AE21A8475D00AEAC5C /* road18.png */ = {isa = PBXFileReference; lastKnownFileType = image.png; path = road18.png; sourceTree = "<group>"; };
		88BBC2AF21A8475D00AEAC5C /* road9.png */ = {isa = PBXFileReference; lastKnownFileType = image.png; path = road9.png; sourceTree = "<group>"; };
		88BBC2B021A8475D00AEAC5C /* road13.png */ = {isa = PBXFileReference; lastKnownFileType = image.png; path = road13.png; sourceTree = "<group>"; };
		88BBC2B121A8475D00AEAC5C /* road6.png */ = {isa = PBXFileReference; lastKnownFileType = image.png; path = road6.png; sourceTree = "<group>"; };
		88BBC2B221A8475D00AEAC5C /* road10.png */ = {isa = PBXFileReference; lastKnownFileType = image.png; path = road10.png; sourceTree = "<group>"; };
		88BBC2B321A8475D00AEAC5C /* road15.png */ = {isa = PBXFileReference; lastKnownFileType = image.png; path = road15.png; sourceTree = "<group>"; };
		88BBC2B421A8475D00AEAC5C /* road11.png */ = {isa = PBXFileReference; lastKnownFileType = image.png; path = road11.png; sourceTree = "<group>"; };
		88BBC2B521A8475E00AEAC5C /* road4.png */ = {isa = PBXFileReference; lastKnownFileType = image.png; path = road4.png; sourceTree = "<group>"; };
		88BBC2B621A8475E00AEAC5C /* road8.png */ = {isa = PBXFileReference; lastKnownFileType = image.png; path = road8.png; sourceTree = "<group>"; };
		88BBC2B721A8475E00AEAC5C /* road14.png */ = {isa = PBXFileReference; lastKnownFileType = image.png; path = road14.png; sourceTree = "<group>"; };
		88BBC2B821A8475E00AEAC5C /* road16.png */ = {isa = PBXFileReference; lastKnownFileType = image.png; path = road16.png; sourceTree = "<group>"; };
		88BBC2CA21A84BB500AEAC5C /* plane5.png */ = {isa = PBXFileReference; lastKnownFileType = image.png; path = plane5.png; sourceTree = "<group>"; };
		88BBC2CB21A84BB500AEAC5C /* plane3.png */ = {isa = PBXFileReference; lastKnownFileType = image.png; path = plane3.png; sourceTree = "<group>"; };
		88BBC2CC21A84BB500AEAC5C /* plane9.png */ = {isa = PBXFileReference; lastKnownFileType = image.png; path = plane9.png; sourceTree = "<group>"; };
		88BBC2CD21A84BB500AEAC5C /* plane6.png */ = {isa = PBXFileReference; lastKnownFileType = image.png; path = plane6.png; sourceTree = "<group>"; };
		88BBC2CE21A84BB500AEAC5C /* plane15.png */ = {isa = PBXFileReference; lastKnownFileType = image.png; path = plane15.png; sourceTree = "<group>"; };
		88BBC2CF21A84BB600AEAC5C /* plane4.png */ = {isa = PBXFileReference; lastKnownFileType = image.png; path = plane4.png; sourceTree = "<group>"; };
		88BBC2D021A84BB600AEAC5C /* plane1.png */ = {isa = PBXFileReference; lastKnownFileType = image.png; path = plane1.png; sourceTree = "<group>"; };
		88BBC2D121A84BB600AEAC5C /* plane14.png */ = {isa = PBXFileReference; lastKnownFileType = image.png; path = plane14.png; sourceTree = "<group>"; };
		88BBC2D221A84BB600AEAC5C /* plane8.png */ = {isa = PBXFileReference; lastKnownFileType = image.png; path = plane8.png; sourceTree = "<group>"; };
		88BBC2D321A84BB600AEAC5C /* plane2.png */ = {isa = PBXFileReference; lastKnownFileType = image.png; path = plane2.png; sourceTree = "<group>"; };
		88BBC2D421A84BB600AEAC5C /* plane11.png */ = {isa = PBXFileReference; lastKnownFileType = image.png; path = plane11.png; sourceTree = "<group>"; };
		88BBC2D521A84BB700AEAC5C /* plane7.png */ = {isa = PBXFileReference; lastKnownFileType = image.png; path = plane7.png; sourceTree = "<group>"; };
		88BBC2D621A84BB700AEAC5C /* plane13.png */ = {isa = PBXFileReference; lastKnownFileType = image.png; path = plane13.png; sourceTree = "<group>"; };
		88BBC2D721A84BB700AEAC5C /* plane10.png */ = {isa = PBXFileReference; lastKnownFileType = image.png; path = plane10.png; sourceTree = "<group>"; };
		88BBC2D821A84BB700AEAC5C /* plane12.png */ = {isa = PBXFileReference; lastKnownFileType = image.png; path = plane12.png; sourceTree = "<group>"; };
		88BBC2EA21A856EF00AEAC5C /* DragPlane.swift */ = {isa = PBXFileReference; lastKnownFileType = sourcecode.swift; path = DragPlane.swift; sourceTree = "<group>"; };
/* End PBXFileReference section */

/* Begin PBXFrameworksBuildPhase section */
		88BBC27021A8469200AEAC5C /* Frameworks */ = {
			isa = PBXFrameworksBuildPhase;
			buildActionMask = 2147483647;
			files = (
			);
			runOnlyForDeploymentPostprocessing = 0;
		};
		88BBC28421A8469200AEAC5C /* Frameworks */ = {
			isa = PBXFrameworksBuildPhase;
			buildActionMask = 2147483647;
			files = (
			);
			runOnlyForDeploymentPostprocessing = 0;
		};
		88BBC28F21A8469200AEAC5C /* Frameworks */ = {
			isa = PBXFrameworksBuildPhase;
			buildActionMask = 2147483647;
			files = (
			);
			runOnlyForDeploymentPostprocessing = 0;
		};
/* End PBXFrameworksBuildPhase section */

/* Begin PBXGroup section */
		88BBC26A21A8469200AEAC5C = {
			isa = PBXGroup;
			children = (
				88BBC2A421A8471C00AEAC5C /* road1.png */,
				88BBC2A521A8471C00AEAC5C /* road2.png */,
				88BBC27521A8469200AEAC5C /* NiyazFlightGame */,
				88BBC28A21A8469200AEAC5C /* NiyazFlightGameTests */,
				88BBC29521A8469300AEAC5C /* NiyazFlightGameUITests */,
				88BBC27421A8469200AEAC5C /* Products */,
			);
			sourceTree = "<group>";
		};
		88BBC27421A8469200AEAC5C /* Products */ = {
			isa = PBXGroup;
			children = (
				88BBC27321A8469200AEAC5C /* NiyazFlightGame.app */,
				88BBC28721A8469200AEAC5C /* NiyazFlightGameTests.xctest */,
				88BBC29221A8469200AEAC5C /* NiyazFlightGameUITests.xctest */,
			);
			name = Products;
			sourceTree = "<group>";
		};
		88BBC27521A8469200AEAC5C /* NiyazFlightGame */ = {
			isa = PBXGroup;
			children = (
				88BBC2EA21A856EF00AEAC5C /* DragPlane.swift */,
				88BBC2A921A8475C00AEAC5C /* road3.png */,
				88BBC2B521A8475E00AEAC5C /* road4.png */,
				88BBC2A821A8475C00AEAC5C /* road5.png */,
				88BBC2B121A8475D00AEAC5C /* road6.png */,
				88BBC2AC21A8475D00AEAC5C /* road7.png */,
				88BBC2B621A8475E00AEAC5C /* road8.png */,
				88BBC2AF21A8475D00AEAC5C /* road9.png */,
				88BBC2B221A8475D00AEAC5C /* road10.png */,
				88BBC2B421A8475D00AEAC5C /* road11.png */,
				88BBC2AD21A8475D00AEAC5C /* road12.png */,
				88BBC2B021A8475D00AEAC5C /* road13.png */,
				88BBC2B721A8475E00AEAC5C /* road14.png */,
				88BBC2B321A8475D00AEAC5C /* road15.png */,
				88BBC2B821A8475E00AEAC5C /* road16.png */,
				88BBC2AA21A8475C00AEAC5C /* road17.png */,
				88BBC2AE21A8475D00AEAC5C /* road18.png */,
				88BBC2AB21A8475D00AEAC5C /* road19.png */,
				88BBC27621A8469200AEAC5C /* AppDelegate.swift */,
				88BBC27821A8469200AEAC5C /* ViewController.swift */,
				88BBC27A21A8469200AEAC5C /* Main.storyboard */,
				88BBC2D021A84BB600AEAC5C /* plane1.png */,
				88BBC2D321A84BB600AEAC5C /* plane2.png */,
				88BBC2CB21A84BB500AEAC5C /* plane3.png */,
				88BBC2CF21A84BB600AEAC5C /* plane4.png */,
				88BBC2CA21A84BB500AEAC5C /* plane5.png */,
				88BBC2CD21A84BB500AEAC5C /* plane6.png */,
				88BBC2D521A84BB700AEAC5C /* plane7.png */,
				88BBC2D221A84BB600AEAC5C /* plane8.png */,
				88BBC2CC21A84BB500AEAC5C /* plane9.png */,
				88BBC2D721A84BB700AEAC5C /* plane10.png */,
				88BBC2D421A84BB600AEAC5C /* plane11.png */,
				88BBC2D821A84BB700AEAC5C /* plane12.png */,
				88BBC2D621A84BB700AEAC5C /* plane13.png */,
				88BBC2D121A84BB600AEAC5C /* plane14.png */,
				88BBC2CE21A84BB500AEAC5C /* plane15.png */,
				88BBC27D21A8469200AEAC5C /* Assets.xcassets */,
				88BBC27F21A8469200AEAC5C /* LaunchScreen.storyboard */,
				88BBC28221A8469200AEAC5C /* Info.plist */,
			);
			path = NiyazFlightGame;
			sourceTree = "<group>";
		};
		88BBC28A21A8469200AEAC5C /* NiyazFlightGameTests */ = {
			isa = PBXGroup;
			children = (
				88BBC28B21A8469200AEAC5C /* NiyazFlightGameTests.swift */,
				88BBC28D21A8469200AEAC5C /* Info.plist */,
			);
			path = NiyazFlightGameTests;
			sourceTree = "<group>";
		};
		88BBC29521A8469300AEAC5C /* NiyazFlightGameUITests */ = {
			isa = PBXGroup;
			children = (
				88BBC29621A8469300AEAC5C /* NiyazFlightGameUITests.swift */,
				88BBC29821A8469300AEAC5C /* Info.plist */,
			);
			path = NiyazFlightGameUITests;
			sourceTree = "<group>";
		};
/* End PBXGroup section */

/* Begin PBXNativeTarget section */
		88BBC27221A8469200AEAC5C /* NiyazFlightGame */ = {
			isa = PBXNativeTarget;
			buildConfigurationList = 88BBC29B21A8469300AEAC5C /* Build configuration list for PBXNativeTarget "NiyazFlightGame" */;
			buildPhases = (
				88BBC26F21A8469200AEAC5C /* Sources */,
				88BBC27021A8469200AEAC5C /* Frameworks */,
				88BBC27121A8469200AEAC5C /* Resources */,
			);
			buildRules = (
			);
			dependencies = (
			);
			name = NiyazFlightGame;
			productName = NiyazFlightGame;
			productReference = 88BBC27321A8469200AEAC5C /* NiyazFlightGame.app */;
			productType = "com.apple.product-type.application";
		};
		88BBC28621A8469200AEAC5C /* NiyazFlightGameTests */ = {
			isa = PBXNativeTarget;
			buildConfigurationList = 88BBC29E21A8469300AEAC5C /* Build configuration list for PBXNativeTarget "NiyazFlightGameTests" */;
			buildPhases = (
				88BBC28321A8469200AEAC5C /* Sources */,
				88BBC28421A8469200AEAC5C /* Frameworks */,
				88BBC28521A8469200AEAC5C /* Resources */,
			);
			buildRules = (
			);
			dependencies = (
				88BBC28921A8469200AEAC5C /* PBXTargetDependency */,
			);
			name = NiyazFlightGameTests;
			productName = NiyazFlightGameTests;
			productReference = 88BBC28721A8469200AEAC5C /* NiyazFlightGameTests.xctest */;
			productType = "com.apple.product-type.bundle.unit-test";
		};
		88BBC29121A8469200AEAC5C /* NiyazFlightGameUITests */ = {
			isa = PBXNativeTarget;
			buildConfigurationList = 88BBC2A121A8469300AEAC5C /* Build configuration list for PBXNativeTarget "NiyazFlightGameUITests" */;
			buildPhases = (
				88BBC28E21A8469200AEAC5C /* Sources */,
				88BBC28F21A8469200AEAC5C /* Frameworks */,
				88BBC29021A8469200AEAC5C /* Resources */,
			);
			buildRules = (
			);
			dependencies = (
				88BBC29421A8469300AEAC5C /* PBXTargetDependency */,
			);
			name = NiyazFlightGameUITests;
			productName = NiyazFlightGameUITests;
			productReference = 88BBC29221A8469200AEAC5C /* NiyazFlightGameUITests.xctest */;
			productType = "com.apple.product-type.bundle.ui-testing";
		};
/* End PBXNativeTarget section */

/* Begin PBXProject section */
		88BBC26B21A8469200AEAC5C /* Project object */ = {
			isa = PBXProject;
			attributes = {
				LastSwiftUpdateCheck = 0940;
				LastUpgradeCheck = 0940;
				ORGANIZATIONNAME = nr16aaz;
				TargetAttributes = {
					88BBC27221A8469200AEAC5C = {
						CreatedOnToolsVersion = 9.4.1;
					};
					88BBC28621A8469200AEAC5C = {
						CreatedOnToolsVersion = 9.4.1;
						TestTargetID = 88BBC27221A8469200AEAC5C;
					};
					88BBC29121A8469200AEAC5C = {
						CreatedOnToolsVersion = 9.4.1;
						TestTargetID = 88BBC27221A8469200AEAC5C;
					};
				};
			};
			buildConfigurationList = 88BBC26E21A8469200AEAC5C /* Build configuration list for PBXProject "NiyazFlightGame" */;
			compatibilityVersion = "Xcode 9.3";
			developmentRegion = en;
			hasScannedForEncodings = 0;
			knownRegions = (
				en,
				Base,
			);
			mainGroup = 88BBC26A21A8469200AEAC5C;
			productRefGroup = 88BBC27421A8469200AEAC5C /* Products */;
			projectDirPath = "";
			projectRoot = "";
			targets = (
				88BBC27221A8469200AEAC5C /* NiyazFlightGame */,
				88BBC28621A8469200AEAC5C /* NiyazFlightGameTests */,
				88BBC29121A8469200AEAC5C /* NiyazFlightGameUITests */,
			);
		};
/* End PBXProject section */

/* Begin PBXResourcesBuildPhase section */
		88BBC27121A8469200AEAC5C /* Resources */ = {
			isa = PBXResourcesBuildPhase;
			buildActionMask = 2147483647;
			files = (
				88BBC28121A8469200AEAC5C /* LaunchScreen.storyboard in Resources */,
				88BBC2D921A84BB700AEAC5C /* plane5.png in Resources */,
				88BBC2BC21A8475E00AEAC5C /* road19.png in Resources */,
				88BBC27E21A8469200AEAC5C /* Assets.xcassets in Resources */,
				88BBC2C021A8475E00AEAC5C /* road9.png in Resources */,
				88BBC2DC21A84BB700AEAC5C /* plane6.png in Resources */,
				88BBC2C321A8475E00AEAC5C /* road10.png in Resources */,
				88BBC2BA21A8475E00AEAC5C /* road3.png in Resources */,
				88BBC2E321A84BB700AEAC5C /* plane11.png in Resources */,
				88BBC2C921A8475E00AEAC5C /* road16.png in Resources */,
				88BBC2E721A84BB700AEAC5C /* plane12.png in Resources */,
				88BBC2DA21A84BB700AEAC5C /* plane3.png in Resources */,
				88BBC2C121A8475E00AEAC5C /* road13.png in Resources */,
				88BBC2BE21A8475E00AEAC5C /* road12.png in Resources */,
				88BBC2BB21A8475E00AEAC5C /* road17.png in Resources */,
				88BBC2C621A8475E00AEAC5C /* road4.png in Resources */,
				88BBC2C721A8475E00AEAC5C /* road8.png in Resources */,
				88BBC2A721A8471C00AEAC5C /* road2.png in Resources */,
				88BBC2E121A84BB700AEAC5C /* plane8.png in Resources */,
				88BBC2C221A8475E00AEAC5C /* road6.png in Resources */,
				88BBC2E021A84BB700AEAC5C /* plane14.png in Resources */,
				88BBC2B921A8475E00AEAC5C /* road5.png in Resources */,
				88BBC2BF21A8475E00AEAC5C /* road18.png in Resources */,
				88BBC2BD21A8475E00AEAC5C /* road7.png in Resources */,
				88BBC2E621A84BB700AEAC5C /* plane10.png in Resources */,
				88BBC27C21A8469200AEAC5C /* Main.storyboard in Resources */,
				88BBC2C521A8475E00AEAC5C /* road11.png in Resources */,
				88BBC2DF21A84BB700AEAC5C /* plane1.png in Resources */,
				88BBC2DB21A84BB700AEAC5C /* plane9.png in Resources */,
				88BBC2C821A8475E00AEAC5C /* road14.png in Resources */,
				88BBC2E521A84BB700AEAC5C /* plane13.png in Resources */,
				88BBC2A621A8471C00AEAC5C /* road1.png in Resources */,
				88BBC2DE21A84BB700AEAC5C /* plane4.png in Resources */,
				88BBC2E421A84BB700AEAC5C /* plane7.png in Resources */,
				88BBC2C421A8475E00AEAC5C /* road15.png in Resources */,
				88BBC2DD21A84BB700AEAC5C /* plane15.png in Resources */,
				88BBC2E221A84BB700AEAC5C /* plane2.png in Resources */,
			);
			runOnlyForDeploymentPostprocessing = 0;
		};
		88BBC28521A8469200AEAC5C /* Resources */ = {
			isa = PBXResourcesBuildPhase;
			buildActionMask = 2147483647;
			files = (
			);
			runOnlyForDeploymentPostprocessing = 0;
		};
		88BBC29021A8469200AEAC5C /* Resources */ = {
			isa = PBXResourcesBuildPhase;
			buildActionMask = 2147483647;
			files = (
			);
			runOnlyForDeploymentPostprocessing = 0;
		};
/* End PBXResourcesBuildPhase section */

/* Begin PBXSourcesBuildPhase section */
		88BBC26F21A8469200AEAC5C /* Sources */ = {
			isa = PBXSourcesBuildPhase;
			buildActionMask = 2147483647;
			files = (
				88BBC2EB21A856EF00AEAC5C /* DragPlane.swift in Sources */,
				88BBC27921A8469200AEAC5C /* ViewController.swift in Sources */,
				88BBC27721A8469200AEAC5C /* AppDelegate.swift in Sources */,
			);
			runOnlyForDeploymentPostprocessing = 0;
		};
		88BBC28321A8469200AEAC5C /* Sources */ = {
			isa = PBXSourcesBuildPhase;
			buildActionMask = 2147483647;
			files = (
				88BBC28C21A8469200AEAC5C /* NiyazFlightGameTests.swift in Sources */,
			);
			runOnlyForDeploymentPostprocessing = 0;
		};
		88BBC28E21A8469200AEAC5C /* Sources */ = {
			isa = PBXSourcesBuildPhase;
			buildActionMask = 2147483647;
			files = (
				88BBC29721A8469300AEAC5C /* NiyazFlightGameUITests.swift in Sources */,
			);
			runOnlyForDeploymentPostprocessing = 0;
		};
/* End PBXSourcesBuildPhase section */

/* Begin PBXTargetDependency section */
		88BBC28921A8469200AEAC5C /* PBXTargetDependency */ = {
			isa = PBXTargetDependency;
			target = 88BBC27221A8469200AEAC5C /* NiyazFlightGame */;
			targetProxy = 88BBC28821A8469200AEAC5C /* PBXContainerItemProxy */;
		};
		88BBC29421A8469300AEAC5C /* PBXTargetDependency */ = {
			isa = PBXTargetDependency;
			target = 88BBC27221A8469200AEAC5C /* NiyazFlightGame */;
			targetProxy = 88BBC29321A8469300AEAC5C /* PBXContainerItemProxy */;
		};
/* End PBXTargetDependency section */

/* Begin PBXVariantGroup section */
		88BBC27A21A8469200AEAC5C /* Main.storyboard */ = {
			isa = PBXVariantGroup;
			children = (
				88BBC27B21A8469200AEAC5C /* Base */,
			);
			name = Main.storyboard;
			sourceTree = "<group>";
		};
		88BBC27F21A8469200AEAC5C /* LaunchScreen.storyboard */ = {
			isa = PBXVariantGroup;
			children = (
				88BBC28021A8469200AEAC5C /* Base */,
			);
			name = LaunchScreen.storyboard;
			sourceTree = "<group>";
		};
/* End PBXVariantGroup section */

/* Begin XCBuildConfiguration section */
		88BBC29921A8469300AEAC5C /* Debug */ = {
			isa = XCBuildConfiguration;
			buildSettings = {
				ALWAYS_SEARCH_USER_PATHS = NO;
				CLANG_ANALYZER_NONNULL = YES;
				CLANG_ANALYZER_NUMBER_OBJECT_CONVERSION = YES_AGGRESSIVE;
				CLANG_CXX_LANGUAGE_STANDARD = "gnu++14";
				CLANG_CXX_LIBRARY = "libc++";
				CLANG_ENABLE_MODULES = YES;
				CLANG_ENABLE_OBJC_ARC = YES;
				CLANG_ENABLE_OBJC_WEAK = YES;
				CLANG_WARN_BLOCK_CAPTURE_AUTORELEASING = YES;
				CLANG_WARN_BOOL_CONVERSION = YES;
				CLANG_WARN_COMMA = YES;
				CLANG_WARN_CONSTANT_CONVERSION = YES;
				CLANG_WARN_DEPRECATED_OBJC_IMPLEMENTATIONS = YES;
				CLANG_WARN_DIRECT_OBJC_ISA_USAGE = YES_ERROR;
				CLANG_WARN_DOCUMENTATION_COMMENTS = YES;
				CLANG_WARN_EMPTY_BODY = YES;
				CLANG_WARN_ENUM_CONVERSION = YES;
				CLANG_WARN_INFINITE_RECURSION = YES;
				CLANG_WARN_INT_CONVERSION = YES;
				CLANG_WARN_NON_LITERAL_NULL_CONVERSION = YES;
				CLANG_WARN_OBJC_IMPLICIT_RETAIN_SELF = YES;
				CLANG_WARN_OBJC_LITERAL_CONVERSION = YES;
				CLANG_WARN_OBJC_ROOT_CLASS = YES_ERROR;
				CLANG_WARN_RANGE_LOOP_ANALYSIS = YES;
				CLANG_WARN_STRICT_PROTOTYPES = YES;
				CLANG_WARN_SUSPICIOUS_MOVE = YES;
				CLANG_WARN_UNGUARDED_AVAILABILITY = YES_AGGRESSIVE;
				CLANG_WARN_UNREACHABLE_CODE = YES;
				CLANG_WARN__DUPLICATE_METHOD_MATCH = YES;
				CODE_SIGN_IDENTITY = "iPhone Developer";
				COPY_PHASE_STRIP = NO;
				DEBUG_INFORMATION_FORMAT = dwarf;
				ENABLE_STRICT_OBJC_MSGSEND = YES;
				ENABLE_TESTABILITY = YES;
				GCC_C_LANGUAGE_STANDARD = gnu11;
				GCC_DYNAMIC_NO_PIC = NO;
				GCC_NO_COMMON_BLOCKS = YES;
				GCC_OPTIMIZATION_LEVEL = 0;
				GCC_PREPROCESSOR_DEFINITIONS = (
					"DEBUG=1",
					"$(inherited)",
				);
				GCC_WARN_64_TO_32_BIT_CONVERSION = YES;
				GCC_WARN_ABOUT_RETURN_TYPE = YES_ERROR;
				GCC_WARN_UNDECLARED_SELECTOR = YES;
				GCC_WARN_UNINITIALIZED_AUTOS = YES_AGGRESSIVE;
				GCC_WARN_UNUSED_FUNCTION = YES;
				GCC_WARN_UNUSED_VARIABLE = YES;
				IPHONEOS_DEPLOYMENT_TARGET = 11.4;
				MTL_ENABLE_DEBUG_INFO = YES;
				ONLY_ACTIVE_ARCH = YES;
				SDKROOT = iphoneos;
				SWIFT_ACTIVE_COMPILATION_CONDITIONS = DEBUG;
				SWIFT_OPTIMIZATION_LEVEL = "-Onone";
			};
			name = Debug;
		};
		88BBC29A21A8469300AEAC5C /* Release */ = {
			isa = XCBuildConfiguration;
			buildSettings = {
				ALWAYS_SEARCH_USER_PATHS = NO;
				CLANG_ANALYZER_NONNULL = YES;
				CLANG_ANALYZER_NUMBER_OBJECT_CONVERSION = YES_AGGRESSIVE;
				CLANG_CXX_LANGUAGE_STANDARD = "gnu++14";
				CLANG_CXX_LIBRARY = "libc++";
				CLANG_ENABLE_MODULES = YES;
				CLANG_ENABLE_OBJC_ARC = YES;
				CLANG_ENABLE_OBJC_WEAK = YES;
				CLANG_WARN_BLOCK_CAPTURE_AUTORELEASING = YES;
				CLANG_WARN_BOOL_CONVERSION = YES;
				CLANG_WARN_COMMA = YES;
				CLANG_WARN_CONSTANT_CONVERSION = YES;
				CLANG_WARN_DEPRECATED_OBJC_IMPLEMENTATIONS = YES;
				CLANG_WARN_DIRECT_OBJC_ISA_USAGE = YES_ERROR;
				CLANG_WARN_DOCUMENTATION_COMMENTS = YES;
				CLANG_WARN_EMPTY_BODY = YES;
				CLANG_WARN_ENUM_CONVERSION = YES;
				CLANG_WARN_INFINITE_RECURSION = YES;
				CLANG_WARN_INT_CONVERSION = YES;
				CLANG_WARN_NON_LITERAL_NULL_CONVERSION = YES;
				CLANG_WARN_OBJC_IMPLICIT_RETAIN_SELF = YES;
				CLANG_WARN_OBJC_LITERAL_CONVERSION = YES;
				CLANG_WARN_OBJC_ROOT_CLASS = YES_ERROR;
				CLANG_WARN_RANGE_LOOP_ANALYSIS = YES;
				CLANG_WARN_STRICT_PROTOTYPES = YES;
				CLANG_WARN_SUSPICIOUS_MOVE = YES;
				CLANG_WARN_UNGUARDED_AVAILABILITY = YES_AGGRESSIVE;
				CLANG_WARN_UNREACHABLE_CODE = YES;
				CLANG_WARN__DUPLICATE_METHOD_MATCH = YES;
				CODE_SIGN_IDENTITY = "iPhone Developer";
				COPY_PHASE_STRIP = NO;
				DEBUG_INFORMATION_FORMAT = "dwarf-with-dsym";
				ENABLE_NS_ASSERTIONS = NO;
				ENABLE_STRICT_OBJC_MSGSEND = YES;
				GCC_C_LANGUAGE_STANDARD = gnu11;
				GCC_NO_COMMON_BLOCKS = YES;
				GCC_WARN_64_TO_32_BIT_CONVERSION = YES;
				GCC_WARN_ABOUT_RETURN_TYPE = YES_ERROR;
				GCC_WARN_UNDECLARED_SELECTOR = YES;
				GCC_WARN_UNINITIALIZED_AUTOS = YES_AGGRESSIVE;
				GCC_WARN_UNUSED_FUNCTION = YES;
				GCC_WARN_UNUSED_VARIABLE = YES;
				IPHONEOS_DEPLOYMENT_TARGET = 11.4;
				MTL_ENABLE_DEBUG_INFO = NO;
				SDKROOT = iphoneos;
				SWIFT_COMPILATION_MODE = wholemodule;
				SWIFT_OPTIMIZATION_LEVEL = "-O";
				VALIDATE_PRODUCT = YES;
			};
			name = Release;
		};
		88BBC29C21A8469300AEAC5C /* Debug */ = {
			isa = XCBuildConfiguration;
			buildSettings = {
				ASSETCATALOG_COMPILER_APPICON_NAME = AppIcon;
				CODE_SIGN_STYLE = Automatic;
				INFOPLIST_FILE = NiyazFlightGame/Info.plist;
				LD_RUNPATH_SEARCH_PATHS = (
					"$(inherited)",
					"@executable_path/Frameworks",
				);
				PRODUCT_BUNDLE_IDENTIFIER = com.nr16aaz.NiyazFlightGame;
				PRODUCT_NAME = "$(TARGET_NAME)";
				SWIFT_VERSION = 4.0;
				TARGETED_DEVICE_FAMILY = "1,2";
			};
			name = Debug;
		};
		88BBC29D21A8469300AEAC5C /* Release */ = {
			isa = XCBuildConfiguration;
			buildSettings = {
				ASSETCATALOG_COMPILER_APPICON_NAME = AppIcon;
				CODE_SIGN_STYLE = Automatic;
				INFOPLIST_FILE = NiyazFlightGame/Info.plist;
				LD_RUNPATH_SEARCH_PATHS = (
					"$(inherited)",
					"@executable_path/Frameworks",
				);
				PRODUCT_BUNDLE_IDENTIFIER = com.nr16aaz.NiyazFlightGame;
				PRODUCT_NAME = "$(TARGET_NAME)";
				SWIFT_VERSION = 4.0;
				TARGETED_DEVICE_FAMILY = "1,2";
			};
			name = Release;
		};
		88BBC29F21A8469300AEAC5C /* Debug */ = {
			isa = XCBuildConfiguration;
			buildSettings = {
				ALWAYS_EMBED_SWIFT_STANDARD_LIBRARIES = YES;
				BUNDLE_LOADER = "$(TEST_HOST)";
				CODE_SIGN_STYLE = Automatic;
				INFOPLIST_FILE = NiyazFlightGameTests/Info.plist;
				LD_RUNPATH_SEARCH_PATHS = (
					"$(inherited)",
					"@executable_path/Frameworks",
					"@loader_path/Frameworks",
				);
				PRODUCT_BUNDLE_IDENTIFIER = com.nr16aaz.NiyazFlightGameTests;
				PRODUCT_NAME = "$(TARGET_NAME)";
				SWIFT_VERSION = 4.0;
				TARGETED_DEVICE_FAMILY = "1,2";
				TEST_HOST = "$(BUILT_PRODUCTS_DIR)/NiyazFlightGame.app/NiyazFlightGame";
			};
			name = Debug;
		};
		88BBC2A021A8469300AEAC5C /* Release */ = {
			isa = XCBuildConfiguration;
			buildSettings = {
				ALWAYS_EMBED_SWIFT_STANDARD_LIBRARIES = YES;
				BUNDLE_LOADER = "$(TEST_HOST)";
				CODE_SIGN_STYLE = Automatic;
				INFOPLIST_FILE = NiyazFlightGameTests/Info.plist;
				LD_RUNPATH_SEARCH_PATHS = (
					"$(inherited)",
					"@executable_path/Frameworks",
					"@loader_path/Frameworks",
				);
				PRODUCT_BUNDLE_IDENTIFIER = com.nr16aaz.NiyazFlightGameTests;
				PRODUCT_NAME = "$(TARGET_NAME)";
				SWIFT_VERSION = 4.0;
				TARGETED_DEVICE_FAMILY = "1,2";
				TEST_HOST = "$(BUILT_PRODUCTS_DIR)/NiyazFlightGame.app/NiyazFlightGame";
			};
			name = Release;
		};
		88BBC2A221A8469300AEAC5C /* Debug */ = {
			isa = XCBuildConfiguration;
			buildSettings = {
				ALWAYS_EMBED_SWIFT_STANDARD_LIBRARIES = YES;
				CODE_SIGN_STYLE = Automatic;
				INFOPLIST_FILE = NiyazFlightGameUITests/Info.plist;
				LD_RUNPATH_SEARCH_PATHS = (
					"$(inherited)",
					"@executable_path/Frameworks",
					"@loader_path/Frameworks",
				);
				PRODUCT_BUNDLE_IDENTIFIER = com.nr16aaz.NiyazFlightGameUITests;
				PRODUCT_NAME = "$(TARGET_NAME)";
				SWIFT_VERSION = 4.0;
				TARGETED_DEVICE_FAMILY = "1,2";
				TEST_TARGET_NAME = NiyazFlightGame;
			};
			name = Debug;
		};
		88BBC2A321A8469300AEAC5C /* Release */ = {
			isa = XCBuildConfiguration;
			buildSettings = {
				ALWAYS_EMBED_SWIFT_STANDARD_LIBRARIES = YES;
				CODE_SIGN_STYLE = Automatic;
				INFOPLIST_FILE = NiyazFlightGameUITests/Info.plist;
				LD_RUNPATH_SEARCH_PATHS = (
					"$(inherited)",
					"@executable_path/Frameworks",
					"@loader_path/Frameworks",
				);
				PRODUCT_BUNDLE_IDENTIFIER = com.nr16aaz.NiyazFlightGameUITests;
				PRODUCT_NAME = "$(TARGET_NAME)";
				SWIFT_VERSION = 4.0;
				TARGETED_DEVICE_FAMILY = "1,2";
				TEST_TARGET_NAME = NiyazFlightGame;
			};
			name = Release;
		};
/* End XCBuildConfiguration section */

/* Begin XCConfigurationList section */
		88BBC26E21A8469200AEAC5C /* Build configuration list for PBXProject "NiyazFlightGame" */ = {
			isa = XCConfigurationList;
			buildConfigurations = (
				88BBC29921A8469300AEAC5C /* Debug */,
				88BBC29A21A8469300AEAC5C /* Release */,
			);
			defaultConfigurationIsVisible = 0;
			defaultConfigurationName = Release;
		};
		88BBC29B21A8469300AEAC5C /* Build configuration list for PBXNativeTarget "NiyazFlightGame" */ = {
			isa = XCConfigurationList;
			buildConfigurations = (
				88BBC29C21A8469300AEAC5C /* Debug */,
				88BBC29D21A8469300AEAC5C /* Release */,
			);
			defaultConfigurationIsVisible = 0;
			defaultConfigurationName = Release;
		};
		88BBC29E21A8469300AEAC5C /* Build configuration list for PBXNativeTarget "NiyazFlightGameTests" */ = {
			isa = XCConfigurationList;
			buildConfigurations = (
				88BBC29F21A8469300AEAC5C /* Debug */,
				88BBC2A021A8469300AEAC5C /* Release */,
			);
			defaultConfigurationIsVisible = 0;
			defaultConfigurationName = Release;
		};
		88BBC2A121A8469300AEAC5C /* Build configuration list for PBXNativeTarget "NiyazFlightGameUITests" */ = {
			isa = XCConfigurationList;
			buildConfigurations = (
				88BBC2A221A8469300AEAC5C /* Debug */,
				88BBC2A321A8469300AEAC5C /* Release */,
			);
			defaultConfigurationIsVisible = 0;
			defaultConfigurationName = Release;
		};
/* End XCConfigurationList section */
	};
	rootObject = 88BBC26B21A8469200AEAC5C /* Project object */;
}
